<?xml version="1.0" encoding="utf-8"?>
<Project ToolsVersion="4.0" xmlns="http://schemas.microsoft.com/developer/msbuild/2003">
  <ItemGroup>
    <Filter Include="Resource Files">
      <UniqueIdentifier>{67DA6AB6-F800-4c08-8B7A-83BB121AAD01}</UniqueIdentifier>
      <Extensions>rc;ico;cur;bmp;dlg;rc2;rct;bin;rgs;gif;jpg;jpeg;jpe;resx;tiff;tif;png;wav;mfcribbon-ms</Extensions>
    </Filter>
    <Filter Include="Camera">
      <UniqueIdentifier>{0e2a6c75-00ba-439c-9967-a0267f670465}</UniqueIdentifier>
    </Filter>
    <Filter Include="Rendering">
      <UniqueIdentifier>{e32bb8b1-451a-46ab-aa56-66ec756898b5}</UniqueIdentifier>
    </Filter>
    <Filter Include="System">
      <UniqueIdentifier>{9a5cdafb-2f2d-45eb-b937-888bcf1420b1}</UniqueIdentifier>
    </Filter>
    <Filter Include="System\GameTimer">
      <UniqueIdentifier>{e900a75f-7eab-4c85-bca2-83e8a8ba7d0a}</UniqueIdentifier>
    </Filter>
    <Filter Include="System\Helpers">
      <UniqueIdentifier>{85659c0d-ea84-4842-b196-24e3525042d8}</UniqueIdentifier>
    </Filter>
    <Filter Include="Rendering\Objects">
      <UniqueIdentifier>{6adda126-4da2-4345-ad9c-ec498933b50c}</UniqueIdentifier>
    </Filter>
    <Filter Include="Rendering\Objects\Helpers">
      <UniqueIdentifier>{987fc772-0231-4313-a366-282f6a4e3aa8}</UniqueIdentifier>
    </Filter>
    <Filter Include="Rendering\Objects\Skybox">
      <UniqueIdentifier>{20e6fff7-11f1-4df3-90a2-469456573428}</UniqueIdentifier>
    </Filter>
    <Filter Include="System\Text">
      <UniqueIdentifier>{1171b2d5-56d6-47a3-a7f3-2702ddcb8a77}</UniqueIdentifier>
    </Filter>
    <Filter Include="Rendering\Objects\Heightfield">
      <UniqueIdentifier>{4adc14eb-72ae-41ed-b0fd-e72e418999fc}</UniqueIdentifier>
    </Filter>
    <Filter Include="Rendering\Objects\ScreenQuad">
      <UniqueIdentifier>{6a5bb58f-3904-4425-b977-81fc35361406}</UniqueIdentifier>
    </Filter>
    <Filter Include="Rendering\PhysX">
      <UniqueIdentifier>{51d853ad-2264-459d-93f3-a55a08326f40}</UniqueIdentifier>
    </Filter>
    <Filter Include="Rendering\PhysX\Apex">
      <UniqueIdentifier>{a1a775ca-a0be-4e22-9ff9-ca8e093517e5}</UniqueIdentifier>
    </Filter>
    <Filter Include="Rendering\PhysX\Apex\RenderResourceManager">
      <UniqueIdentifier>{0bfd4751-4717-4349-a8c0-d0aa0b18772a}</UniqueIdentifier>
    </Filter>
    <Filter Include="Rendering\PhysX\Apex\RenderResourceManager\ZeusRenderResource">
      <UniqueIdentifier>{53c9827c-bcc5-4ef2-b94f-c8c3e307f3a8}</UniqueIdentifier>
    </Filter>
    <Filter Include="Rendering\PhysX\Apex\ResourceCallback">
      <UniqueIdentifier>{b29e21c1-b331-482e-93e2-2414fa9b2376}</UniqueIdentifier>
    </Filter>
    <Filter Include="Rendering\PhysX\PhysXHeightField">
      <UniqueIdentifier>{242a9e9e-07cb-41f7-b5c1-012165e44d7a}</UniqueIdentifier>
    </Filter>
    <Filter Include="Rendering\PhysX\PhysXCCT">
      <UniqueIdentifier>{e328d534-4416-48a0-bc37-078131c68b00}</UniqueIdentifier>
    </Filter>
    <Filter Include="Rendering\Objects\ApexParticles">
      <UniqueIdentifier>{ec7be0ab-a79b-4982-ab05-0c8ba7a4ff01}</UniqueIdentifier>
    </Filter>
    <Filter Include="Rendering\PhysX\Apex\ApexTurbulence">
      <UniqueIdentifier>{75139cbe-3fd5-42d0-afd0-508a025caf62}</UniqueIdentifier>
    </Filter>
    <Filter Include="Rendering\Objects\FBX Loader">
      <UniqueIdentifier>{5d5dadee-a596-4a07-8e64-3c4e5846cb5f}</UniqueIdentifier>
    </Filter>
    <Filter Include="Rendering\Objects\OnScreen">
      <UniqueIdentifier>{c12629cf-dc77-4b00-915e-0a3127db85ab}</UniqueIdentifier>
    </Filter>
    <Filter Include="Rendering\Objects\GroundPlane">
      <UniqueIdentifier>{03936741-ba6f-47d1-800f-0ca4a16474d6}</UniqueIdentifier>
    </Filter>
    <Filter Include="Rendering\Objects\OnScreen\FontSheet">
      <UniqueIdentifier>{6224932f-5073-418b-a1a4-78bffd54d06b}</UniqueIdentifier>
    </Filter>
    <Filter Include="Rendering\Objects\ApexCloth">
      <UniqueIdentifier>{caf44aec-17c4-4f57-8524-9417a9b0f407}</UniqueIdentifier>
    </Filter>
    <Filter Include="Rendering\Objects\ApexDestructable">
      <UniqueIdentifier>{87835560-c4c6-4b39-a21d-5fba403a6904}</UniqueIdentifier>
    </Filter>
    <Filter Include="Rendering\Objects\Sphere">
      <UniqueIdentifier>{1fb2f87d-4323-48e9-90b3-ace34f856a58}</UniqueIdentifier>
    </Filter>
    <Filter Include="Rendering\Objects\Projectiles">
      <UniqueIdentifier>{860c1009-e313-465f-9f82-ff095ab77d19}</UniqueIdentifier>
    </Filter>
    <Filter Include="Resource Files\Scenes">
      <UniqueIdentifier>{8d7c2572-2f53-4144-8b01-b2e5c77cd94b}</UniqueIdentifier>
    </Filter>
    <Filter Include="Resource Files\Scenes\Hub">
      <UniqueIdentifier>{623ff2b4-7b3b-4b14-b780-a1765ba6235e}</UniqueIdentifier>
    </Filter>
    <Filter Include="Resource Files\Scenes\Bowling Lane">
      <UniqueIdentifier>{0e88b4fa-4a4e-4226-a71d-8c3222924aff}</UniqueIdentifier>
    </Filter>
    <Filter Include="Resource Files\Scenes\DEBUG">
      <UniqueIdentifier>{34daabe3-3368-437d-8621-ffb077318ab6}</UniqueIdentifier>
    </Filter>
    <Filter Include="Resource Files\Scenes\Dark Arena">
      <UniqueIdentifier>{3e5e0397-8e01-4d30-93b6-9864e8ce5bfc}</UniqueIdentifier>
    </Filter>
    <Filter Include="Resource Files\Scenes\Jenga Tower">
      <UniqueIdentifier>{e481b04d-0ae3-46a2-b338-f1fbbb269064}</UniqueIdentifier>
    </Filter>
    <Filter Include="Rendering\Objects\Box">
      <UniqueIdentifier>{36735abf-aec6-4611-8b4c-f7767b9698b8}</UniqueIdentifier>
    </Filter>
    <Filter Include="Resource Files\Scenes\Open World">
      <UniqueIdentifier>{d74d6417-0638-41f1-9579-63afe6d49b2a}</UniqueIdentifier>
    </Filter>
    <Filter Include="Rendering\AssetManager">
      <UniqueIdentifier>{127c1397-f9e5-484d-85e1-1d2803f2c5b0}</UniqueIdentifier>
    </Filter>
  </ItemGroup>
  <ItemGroup>
    <ClCompile Include="apex.cpp">
      <Filter>Rendering\PhysX\Apex</Filter>
    </ClCompile>
    <ClCompile Include="ZeusRenderResourceManager.cpp">
      <Filter>Rendering\PhysX\Apex\RenderResourceManager</Filter>
    </ClCompile>
    <ClCompile Include="ZeusRenderResources.cpp">
      <Filter>Rendering\PhysX\Apex\RenderResourceManager\ZeusRenderResource</Filter>
    </ClCompile>
    <ClCompile Include="PhysXHeightField.cpp">
      <Filter>Rendering\PhysX\PhysXHeightField</Filter>
    </ClCompile>
    <ClCompile Include="ZeusResourceCallback.cpp">
      <Filter>Rendering\PhysX\Apex\ResourceCallback</Filter>
    </ClCompile>
    <ClCompile Include="Main.cpp" />
    <ClCompile Include="Camera.cpp">
      <Filter>Camera</Filter>
    </ClCompile>
    <ClCompile Include="GeometryGenerator.cpp">
      <Filter>Rendering\Objects\Helpers</Filter>
    </ClCompile>
    <ClCompile Include="SkyBox.cpp">
      <Filter>Rendering\Objects\Skybox</Filter>
    </ClCompile>
    <ClCompile Include="MathHelper.cpp">
      <Filter>System\Helpers</Filter>
    </ClCompile>
    <ClCompile Include="System.cpp">
      <Filter>System</Filter>
    </ClCompile>
    <ClCompile Include="RenderManager.cpp">
      <Filter>Rendering</Filter>
    </ClCompile>
    <ClCompile Include="Heightfield.cpp">
      <Filter>Rendering\Objects\Heightfield</Filter>
    </ClCompile>
    <ClCompile Include="GameTimer.cpp">
      <Filter>System\GameTimer</Filter>
    </ClCompile>
    <ClCompile Include="ScreenQuad.cpp">
      <Filter>Rendering\Objects\ScreenQuad</Filter>
    </ClCompile>
    <ClCompile Include="ApexParticles.cpp">
      <Filter>Rendering\Objects\ApexParticles</Filter>
    </ClCompile>
    <ClCompile Include="importer.cpp">
      <Filter>Rendering\Objects\FBX Loader</Filter>
    </ClCompile>
    <ClCompile Include="Object.cpp">
      <Filter>Rendering\Objects\FBX Loader</Filter>
    </ClCompile>
    <ClCompile Include="OnScreen.cpp">
      <Filter>Rendering\Objects\OnScreen</Filter>
    </ClCompile>
    <ClCompile Include="GroundPlane.cpp">
      <Filter>Rendering\Objects\GroundPlane</Filter>
    </ClCompile>
    <ClCompile Include="FontSheet.cpp">
      <Filter>Rendering\Objects\OnScreen\FontSheet</Filter>
    </ClCompile>
    <ClCompile Include="Scene.cpp">
      <Filter>Rendering\Objects</Filter>
    </ClCompile>
    <ClCompile Include="ApexCloth.cpp">
      <Filter>Rendering\Objects\ApexCloth</Filter>
    </ClCompile>
    <ClCompile Include="Sphere.cpp">
      <Filter>Rendering\Objects\Sphere</Filter>
    </ClCompile>
    <ClCompile Include="Projectile.cpp">
      <Filter>Rendering\Objects\Projectiles</Filter>
    </ClCompile>
    <ClCompile Include="ApexDestructable.cpp">
      <Filter>Rendering\Objects\ApexDestructable</Filter>
    </ClCompile>
    <ClCompile Include="CharacterController.cpp">
      <Filter>Camera</Filter>
    </ClCompile>
    <ClCompile Include="Box.cpp">
      <Filter>Rendering\Objects\Box</Filter>
    </ClCompile>
    <ClCompile Include="ShadowManager.cpp">
      <Filter>Rendering</Filter>
    </ClCompile>
    <ClCompile Include="AssetManager.cpp">
      <Filter>Rendering\AssetManager</Filter>
    </ClCompile>
  </ItemGroup>
  <ItemGroup>
    <None Include="OnScreen.hlsl">
      <Filter>Rendering\Objects\OnScreen</Filter>
    </None>
    <None Include="ScreenQuad.hlsl">
      <Filter>Rendering\Objects\ScreenQuad</Filter>
    </None>
    <None Include="Skybox.hlsl">
      <Filter>Rendering\Objects\Skybox</Filter>
    </None>
    <None Include="spriteshader.hlsl">
      <Filter>Rendering\Objects\ApexParticles</Filter>
    </None>
    <None Include="GroundPlane.hlsl">
      <Filter>Rendering\Objects\GroundPlane</Filter>
    </None>
    <None Include="models.hlsl">
      <Filter>Rendering\Objects\FBX Loader</Filter>
    </None>
    <None Include="Sphere.hlsl">
      <Filter>Rendering\Objects\Sphere</Filter>
    </None>
    <None Include="LightHelper.hlsl">
      <Filter>Rendering\Objects\Helpers</Filter>
    </None>
    <None Include="ConstBuffers.hlsl">
      <Filter>Rendering\Objects\Helpers</Filter>
    </None>
    <None Include="destructableshader.hlsl">
      <Filter>Rendering\Objects\ApexDestructable</Filter>
    </None>
    <None Include="clothshader.hlsl">
      <Filter>Rendering\Objects\ApexCloth</Filter>
    </None>
    <None Include="Scene\hub_scene.txt">
      <Filter>Resource Files\Scenes\Hub</Filter>
    </None>
    <None Include="Scene\bowling_plane.txt">
      <Filter>Resource Files\Scenes\Bowling Lane</Filter>
    </None>
    <None Include="Scene\bowling_hallway.txt">
      <Filter>Resource Files\Scenes\Bowling Lane</Filter>
    </None>
    <None Include="Scene\bowling_physx.txt">
      <Filter>Resource Files\Scenes\Bowling Lane</Filter>
    </None>
    <None Include="Scene\bowling_scene.txt">
      <Filter>Resource Files\Scenes\Bowling Lane</Filter>
    </None>
    <None Include="Scene\woodbridge.txt">
      <Filter>Resource Files\Scenes\DEBUG</Filter>
    </None>
    <None Include="Scene\envirospheres.txt">
      <Filter>Resource Files\Scenes\DEBUG</Filter>
    </None>
    <None Include="Scene\physx.txt">
      <Filter>Resource Files\Scenes\DEBUG</Filter>
    </None>
    <None Include="Scene\Scene0.txt">
      <Filter>Resource Files\Scenes\DEBUG</Filter>
    </None>
    <None Include="Scene\terrain.txt">
      <Filter>Resource Files\Scenes\DEBUG</Filter>
    </None>
    <None Include="Scene\windmill.txt">
      <Filter>Resource Files\Scenes\DEBUG</Filter>
    </None>
    <None Include="Scene\hub_floor.txt">
      <Filter>Resource Files\Scenes\Hub</Filter>
    </None>
    <None Include="Scene\hub_physx.txt">
      <Filter>Resource Files\Scenes\Hub</Filter>
    </None>
    <None Include="Scene\hub_spheres.txt">
      <Filter>Resource Files\Scenes\Hub</Filter>
    </None>
    <None Include="Scene\target.txt">
      <Filter>Resource Files\Scenes\DEBUG</Filter>
    </None>
    <None Include="Scene\dark_scene.txt">
      <Filter>Resource Files\Scenes\Dark Arena</Filter>
    </None>
    <None Include="Scene\dark_physx.txt">
      <Filter>Resource Files\Scenes\Dark Arena</Filter>
    </None>
    <None Include="Scene\dark_arena.txt">
      <Filter>Resource Files\Scenes\Dark Arena</Filter>
    </None>
    <None Include="Scene\dark_torch.txt">
      <Filter>Resource Files\Scenes\Dark Arena</Filter>
    </None>
    <None Include="Scene\hub_trees.txt">
      <Filter>Resource Files\Scenes\Hub</Filter>
    </None>
    <None Include="Scene\hub_archway.txt">
      <Filter>Resource Files\Scenes\Hub</Filter>
    </None>
    <None Include="Scene\hub_torch.txt">
      <Filter>Resource Files\Scenes\Hub</Filter>
    </None>
    <None Include="Scene\jenga_physx.txt">
      <Filter>Resource Files\Scenes\Jenga Tower</Filter>
    </None>
    <None Include="Scene\jenga_plane.txt">
      <Filter>Resource Files\Scenes\Jenga Tower</Filter>
    </None>
    <None Include="Scene\jenga_scene.txt">
      <Filter>Resource Files\Scenes\Jenga Tower</Filter>
    </None>
    <None Include="Scene\hub_settings.txt">
      <Filter>Resource Files\Scenes\Hub</Filter>
    </None>
    <None Include="Scene\bowling_settings.txt">
      <Filter>Resource Files\Scenes\Bowling Lane</Filter>
    </None>
    <None Include="Scene\dark_settings.txt">
      <Filter>Resource Files\Scenes\Dark Arena</Filter>
    </None>
    <None Include="Scene\jenga_settings.txt">
      <Filter>Resource Files\Scenes\Jenga Tower</Filter>
    </None>
    <None Include="box.hlsl">
      <Filter>Rendering\Objects\Box</Filter>
    </None>
    <None Include="spritebowling.hlsl">
      <Filter>Rendering\Objects\ApexParticles</Filter>
    </None>
    <None Include="Scene\hub_bowlpin.txt">
      <Filter>Resource Files\Scenes\Hub</Filter>
    </None>
    <None Include="Scene\bowling_spheres.txt">
      <Filter>Resource Files\Scenes\Bowling Lane</Filter>
    </None>
    <None Include="Scene\dark_spheres.txt">
      <Filter>Resource Files\Scenes\Dark Arena</Filter>
    </None>
    <None Include="Scene\jenga_spheres.txt">
      <Filter>Resource Files\Scenes\Jenga Tower</Filter>
    </None>
    <None Include="Scene\dark_crate.txt">
      <Filter>Resource Files\Scenes\Dark Arena</Filter>
    </None>
    <None Include="Scene\dark_deadman.txt">
      <Filter>Resource Files\Scenes\Dark Arena</Filter>
    </None>
    <None Include="Scene\hub_bigbadman.txt">
      <Filter>Resource Files\Scenes\Hub</Filter>
    </None>
    <None Include="Scene\openworld_archway.txt">
      <Filter>Resource Files\Scenes\Open World</Filter>
    </None>
    <None Include="Scene\openworld_bigbadman.txt">
      <Filter>Resource Files\Scenes\Open World</Filter>
    </None>
    <None Include="Scene\openworld_hugebadman.txt">
      <Filter>Resource Files\Scenes\Open World</Filter>
    </None>
    <None Include="Scene\openworld_physx.txt">
      <Filter>Resource Files\Scenes\Open World</Filter>
    </None>
    <None Include="Scene\openworld_scene.txt">
      <Filter>Resource Files\Scenes\Open World</Filter>
    </None>
    <None Include="Scene\openworld_settings.txt">
      <Filter>Resource Files\Scenes\Open World</Filter>
    </None>
    <None Include="Scene\openworld_sphere.txt">
      <Filter>Resource Files\Scenes\Open World</Filter>
    </None>
    <None Include="Scene\openworld_target.txt">
      <Filter>Resource Files\Scenes\Open World</Filter>
    </None>
    <None Include="Scene\openworld_terrain.txt">
      <Filter>Resource Files\Scenes\Open World</Filter>
    </None>
    <None Include="Scene\openworld_torch.txt">
      <Filter>Resource Files\Scenes\Open World</Filter>
    </None>
    <None Include="Scene\openworld_trees.txt">
      <Filter>Resource Files\Scenes\Open World</Filter>
    </None>
    <None Include="Scene\dark_troll.txt">
      <Filter>Resource Files\Scenes\Dark Arena</Filter>
    </None>
    <None Include="Scene\dark_frozenguy1.txt">
      <Filter>Resource Files\Scenes\Dark Arena</Filter>
    </None>
    <None Include="Scene\dark_frozenguy3.txt">
      <Filter>Resource Files\Scenes\Dark Arena</Filter>
    </None>
    <None Include="Scene\dark_frozenguy2.txt">
      <Filter>Resource Files\Scenes\Dark Arena</Filter>
    </None>
  </ItemGroup>
  <ItemGroup>
    <ClInclude Include="apex.h">
      <Filter>Rendering\PhysX\Apex</Filter>
    </ClInclude>
    <ClInclude Include="ZeusRenderResourceManager.h">
      <Filter>Rendering\PhysX\Apex\RenderResourceManager</Filter>
    </ClInclude>
    <ClInclude Include="ZeusRenderResources.h">
      <Filter>Rendering\PhysX\Apex\RenderResourceManager\ZeusRenderResource</Filter>
    </ClInclude>
    <ClInclude Include="PhysXHeightField.h">
      <Filter>Rendering\PhysX\PhysXHeightField</Filter>
    </ClInclude>
    <ClInclude Include="ZeusResourceCallback.h">
      <Filter>Rendering\PhysX\Apex\ResourceCallback</Filter>
    </ClInclude>
    <ClInclude Include="Camera.h">
      <Filter>Camera</Filter>
    </ClInclude>
    <ClInclude Include="GeometryGenerator.h">
      <Filter>Rendering\Objects\Helpers</Filter>
    </ClInclude>
    <ClInclude Include="Vertices.h">
      <Filter>Rendering\Objects\Helpers</Filter>
    </ClInclude>
    <ClInclude Include="SkyBox.h">
      <Filter>Rendering\Objects\Skybox</Filter>
    </ClInclude>
    <ClInclude Include="MathHelper.h">
      <Filter>System\Helpers</Filter>
    </ClInclude>
    <ClInclude Include="System.h">
      <Filter>System</Filter>
    </ClInclude>
    <ClInclude Include="Renderable.h">
      <Filter>Rendering</Filter>
    </ClInclude>
    <ClInclude Include="RenderManager.h">
      <Filter>Rendering</Filter>
    </ClInclude>
    <ClInclude Include="Heightfield.h">
      <Filter>Rendering\Objects\Heightfield</Filter>
    </ClInclude>
    <ClInclude Include="GameTimer.h">
      <Filter>System\GameTimer</Filter>
    </ClInclude>
    <ClInclude Include="ScreenQuad.h">
      <Filter>Rendering\Objects\ScreenQuad</Filter>
    </ClInclude>
    <ClInclude Include="ApexParticles.h">
      <Filter>Rendering\Objects\ApexParticles</Filter>
    </ClInclude>
    <ClInclude Include="importer.h">
      <Filter>Rendering\Objects\FBX Loader</Filter>
    </ClInclude>
    <ClInclude Include="Object.h">
      <Filter>Rendering\Objects\FBX Loader</Filter>
    </ClInclude>
    <ClInclude Include="struct.h">
      <Filter>Rendering\Objects\FBX Loader</Filter>
    </ClInclude>
    <ClInclude Include="OnScreen.h">
      <Filter>Rendering\Objects\OnScreen</Filter>
    </ClInclude>
    <ClInclude Include="GroundPlane.h">
      <Filter>Rendering\Objects\GroundPlane</Filter>
    </ClInclude>
    <ClInclude Include="FontSheet.h">
      <Filter>Rendering\Objects\OnScreen\FontSheet</Filter>
    </ClInclude>
    <ClInclude Include="TextHelper.h">
      <Filter>Rendering\Objects\OnScreen\FontSheet</Filter>
    </ClInclude>
    <ClInclude Include="Scene.h">
      <Filter>Rendering\Objects</Filter>
    </ClInclude>
    <ClInclude Include="ApexCloth.h">
      <Filter>Rendering\Objects\ApexCloth</Filter>
    </ClInclude>
    <ClInclude Include="Sphere.h">
      <Filter>Rendering\Objects\Sphere</Filter>
    </ClInclude>
    <ClInclude Include="Projectile.h">
      <Filter>Rendering\Objects\Projectiles</Filter>
    </ClInclude>
    <ClInclude Include="LightHelper.h">
      <Filter>Rendering\Objects\Helpers</Filter>
    </ClInclude>
    <ClInclude Include="ConstBuffers.h">
      <Filter>Rendering\Objects\Helpers</Filter>
    </ClInclude>
    <ClInclude Include="ApexDestructable.h">
      <Filter>Rendering\Objects\ApexDestructable</Filter>
    </ClInclude>
    <ClInclude Include="CharacterController.h">
      <Filter>Camera</Filter>
    </ClInclude>
    <ClInclude Include="Box.h">
      <Filter>Rendering\Objects\Box</Filter>
    </ClInclude>
    <ClInclude Include="ShadowManager.h">
      <Filter>Rendering</Filter>
    </ClInclude>
    <ClInclude Include="AssetManager.h">
      <Filter>Rendering\AssetManager</Filter>
    </ClInclude>
  </ItemGroup>
  <ItemGroup>
    <ResourceCompile Include="Media\OlympusIcon.rc">
      <Filter>Resource Files</Filter>
    </ResourceCompile>
  </ItemGroup>
</Project>